// !$*UTF8*$!
{
	archiveVersion = 1;
	classes = {
	};
	objectVersion = 46;
	objects = {

/* Begin PBXBuildFile section */
		BC99163719FDE32A002A29ED /* Foundation.framework in Frameworks */ = {isa = PBXBuildFile; fileRef = BC99163619FDE32A002A29ED /* Foundation.framework */; };
		BC99163919FDE32A002A29ED /* CoreGraphics.framework in Frameworks */ = {isa = PBXBuildFile; fileRef = BC99163819FDE32A002A29ED /* CoreGraphics.framework */; };
		BC99163B19FDE32A002A29ED /* UIKit.framework in Frameworks */ = {isa = PBXBuildFile; fileRef = BC99163A19FDE32A002A29ED /* UIKit.framework */; };
		BC99164119FDE32A002A29ED /* InfoPlist.strings in Resources */ = {isa = PBXBuildFile; fileRef = BC99163F19FDE32A002A29ED /* InfoPlist.strings */; };
		BC99164319FDE32A002A29ED /* main.m in Sources */ = {isa = PBXBuildFile; fileRef = BC99164219FDE32A002A29ED /* main.m */; };
		BC99164719FDE32A002A29ED /* AppDelegate.m in Sources */ = {isa = PBXBuildFile; fileRef = BC99164619FDE32A002A29ED /* AppDelegate.m */; };
		BC99164919FDE32A002A29ED /* Images.xcassets in Resources */ = {isa = PBXBuildFile; fileRef = BC99164819FDE32A002A29ED /* Images.xcassets */; };
		BC99165119FDE32A002A29ED /* Foundation.framework in Frameworks */ = {isa = PBXBuildFile; fileRef = BC99163619FDE32A002A29ED /* Foundation.framework */; };
		BC99165219FDE32A002A29ED /* UIKit.framework in Frameworks */ = {isa = PBXBuildFile; fileRef = BC99163A19FDE32A002A29ED /* UIKit.framework */; };
		BC99165A19FDE32A002A29ED /* InfoPlist.strings in Resources */ = {isa = PBXBuildFile; fileRef = BC99165819FDE32A002A29ED /* InfoPlist.strings */; };
		BC99165C19FDE32A002A29ED /* FlappyBird_FormalTests.m in Sources */ = {isa = PBXBuildFile; fileRef = BC99165B19FDE32A002A29ED /* FlappyBird_FormalTests.m */; };
		BC9916A619FDE339002A29ED /* background.png in Resources */ = {isa = PBXBuildFile; fileRef = BC99166719FDE339002A29ED /* background.png */; };
		BC9916A719FDE339002A29ED /* background@2x.png in Resources */ = {isa = PBXBuildFile; fileRef = BC99166819FDE339002A29ED /* background@2x.png */; };
		BC9916A819FDE339002A29ED /* background_alt.png in Resources */ = {isa = PBXBuildFile; fileRef = BC99166919FDE339002A29ED /* background_alt.png */; };
		BC9916A919FDE339002A29ED /* background_alt@2x.png in Resources */ = {isa = PBXBuildFile; fileRef = BC99166A19FDE339002A29ED /* background_alt@2x.png */; };
		BC9916AA19FDE339002A29ED /* bg@2x.png in Resources */ = {isa = PBXBuildFile; fileRef = BC99166B19FDE339002A29ED /* bg@2x.png */; };
		BC9916AB19FDE339002A29ED /* cloud.png in Resources */ = {isa = PBXBuildFile; fileRef = BC99166C19FDE339002A29ED /* cloud.png */; };
		BC9916AC19FDE339002A29ED /* cloud@2x.png in Resources */ = {isa = PBXBuildFile; fileRef = BC99166D19FDE339002A29ED /* cloud@2x.png */; };
		BC9916AD19FDE339002A29ED /* Default-568h@2x.png in Resources */ = {isa = PBXBuildFile; fileRef = BC99166F19FDE339002A29ED /* Default-568h@2x.png */; };
		BC9916AE19FDE339002A29ED /* Default-Portrait.png in Resources */ = {isa = PBXBuildFile; fileRef = BC99167019FDE339002A29ED /* Default-Portrait.png */; };
		BC9916AF19FDE339002A29ED /* Default-Portrait@2x.png in Resources */ = {isa = PBXBuildFile; fileRef = BC99167119FDE339002A29ED /* Default-Portrait@2x.png */; };
		BC9916B019FDE339002A29ED /* Default.png in Resources */ = {isa = PBXBuildFile; fileRef = BC99167219FDE339002A29ED /* Default.png */; };
		BC9916B119FDE339002A29ED /* Default@2x.png in Resources */ = {isa = PBXBuildFile; fileRef = BC99167319FDE339002A29ED /* Default@2x.png */; };
		BC9916B219FDE339002A29ED /* flappy_fly.png in Resources */ = {isa = PBXBuildFile; fileRef = BC99167419FDE339002A29ED /* flappy_fly.png */; };
		BC9916B319FDE339002A29ED /* flappy_fly@2x.png in Resources */ = {isa = PBXBuildFile; fileRef = BC99167519FDE339002A29ED /* flappy_fly@2x.png */; };
		BC9916B419FDE339002A29ED /* Icon-60.png in Resources */ = {isa = PBXBuildFile; fileRef = BC99167719FDE339002A29ED /* Icon-60.png */; };
		BC9916B519FDE339002A29ED /* Icon-60@2x.png in Resources */ = {isa = PBXBuildFile; fileRef = BC99167819FDE339002A29ED /* Icon-60@2x.png */; };
		BC9916B619FDE339002A29ED /* Icon-72.png in Resources */ = {isa = PBXBuildFile; fileRef = BC99167919FDE339002A29ED /* Icon-72.png */; };
		BC9916B719FDE339002A29ED /* Icon-72@2x.png in Resources */ = {isa = PBXBuildFile; fileRef = BC99167A19FDE339002A29ED /* Icon-72@2x.png */; };
		BC9916B819FDE339002A29ED /* Icon-76.png in Resources */ = {isa = PBXBuildFile; fileRef = BC99167B19FDE339002A29ED /* Icon-76.png */; };
		BC9916B919FDE339002A29ED /* Icon-76@2x.png in Resources */ = {isa = PBXBuildFile; fileRef = BC99167C19FDE339002A29ED /* Icon-76@2x.png */; };
		BC9916BA19FDE339002A29ED /* Icon-hdpi.png in Resources */ = {isa = PBXBuildFile; fileRef = BC99167D19FDE339002A29ED /* Icon-hdpi.png */; };
		BC9916BB19FDE339002A29ED /* Icon-ldpi.png in Resources */ = {isa = PBXBuildFile; fileRef = BC99167E19FDE339002A29ED /* Icon-ldpi.png */; };
		BC9916BC19FDE339002A29ED /* Icon-mdpi.png in Resources */ = {isa = PBXBuildFile; fileRef = BC99167F19FDE339002A29ED /* Icon-mdpi.png */; };
		BC9916BD19FDE339002A29ED /* Icon-Small-40.png in Resources */ = {isa = PBXBuildFile; fileRef = BC99168019FDE339002A29ED /* Icon-Small-40.png */; };
		BC9916BE19FDE339002A29ED /* Icon-Small-40@2x.png in Resources */ = {isa = PBXBuildFile; fileRef = BC99168119FDE339002A29ED /* Icon-Small-40@2x.png */; };
		BC9916BF19FDE339002A29ED /* Icon-Small-50.png in Resources */ = {isa = PBXBuildFile; fileRef = BC99168219FDE339002A29ED /* Icon-Small-50.png */; };
		BC9916C019FDE339002A29ED /* Icon-Small-50@2x.png in Resources */ = {isa = PBXBuildFile; fileRef = BC99168319FDE339002A29ED /* Icon-Small-50@2x.png */; };
		BC9916C119FDE339002A29ED /* Icon-Small.png in Resources */ = {isa = PBXBuildFile; fileRef = BC99168419FDE339002A29ED /* Icon-Small.png */; };
		BC9916C219FDE339002A29ED /* Icon-Small@2x.png in Resources */ = {isa = PBXBuildFile; fileRef = BC99168519FDE339002A29ED /* Icon-Small@2x.png */; };
		BC9916C319FDE339002A29ED /* Icon-xhdpi.png in Resources */ = {isa = PBXBuildFile; fileRef = BC99168619FDE339002A29ED /* Icon-xhdpi.png */; };
		BC9916C419FDE339002A29ED /* Icon-xxhdpi.png in Resources */ = {isa = PBXBuildFile; fileRef = BC99168719FDE339002A29ED /* Icon-xxhdpi.png */; };
		BC9916C519FDE339002A29ED /* Icon.png in Resources */ = {isa = PBXBuildFile; fileRef = BC99168819FDE339002A29ED /* Icon.png */; };
		BC9916C619FDE339002A29ED /* Icon@2x.png in Resources */ = {isa = PBXBuildFile; fileRef = BC99168919FDE339002A29ED /* Icon@2x.png */; };
		BC9916C719FDE339002A29ED /* plane1.png in Resources */ = {isa = PBXBuildFile; fileRef = BC99168B19FDE339002A29ED /* plane1.png */; };
		BC9916C819FDE339002A29ED /* plane10.png in Resources */ = {isa = PBXBuildFile; fileRef = BC99168C19FDE339002A29ED /* plane10.png */; };
		BC9916C919FDE339002A29ED /* plane10@2x.png in Resources */ = {isa = PBXBuildFile; fileRef = BC99168D19FDE339002A29ED /* plane10@2x.png */; };
		BC9916CA19FDE339002A29ED /* plane11.png in Resources */ = {isa = PBXBuildFile; fileRef = BC99168E19FDE339002A29ED /* plane11.png */; };
		BC9916CB19FDE339002A29ED /* plane11@2x.png in Resources */ = {isa = PBXBuildFile; fileRef = BC99168F19FDE339002A29ED /* plane11@2x.png */; };
		BC9916CC19FDE339002A29ED /* plane1@2x.png in Resources */ = {isa = PBXBuildFile; fileRef = BC99169019FDE339002A29ED /* plane1@2x.png */; };
		BC9916CD19FDE339002A29ED /* plane2.png in Resources */ = {isa = PBXBuildFile; fileRef = BC99169119FDE339002A29ED /* plane2.png */; };
		BC9916CE19FDE339002A29ED /* plane2@2x.png in Resources */ = {isa = PBXBuildFile; fileRef = BC99169219FDE339002A29ED /* plane2@2x.png */; };
		BC9916CF19FDE339002A29ED /* plane3.png in Resources */ = {isa = PBXBuildFile; fileRef = BC99169319FDE339002A29ED /* plane3.png */; };
		BC9916D019FDE339002A29ED /* plane3@2x.png in Resources */ = {isa = PBXBuildFile; fileRef = BC99169419FDE339002A29ED /* plane3@2x.png */; };
		BC9916D119FDE339002A29ED /* plane4.png in Resources */ = {isa = PBXBuildFile; fileRef = BC99169519FDE339002A29ED /* plane4.png */; };
		BC9916D219FDE339002A29ED /* plane4@2x.png in Resources */ = {isa = PBXBuildFile; fileRef = BC99169619FDE339002A29ED /* plane4@2x.png */; };
		BC9916D319FDE339002A29ED /* plane5.png in Resources */ = {isa = PBXBuildFile; fileRef = BC99169719FDE339002A29ED /* plane5.png */; };
		BC9916D419FDE339002A29ED /* plane5@2x.png in Resources */ = {isa = PBXBuildFile; fileRef = BC99169819FDE339002A29ED /* plane5@2x.png */; };
		BC9916D519FDE339002A29ED /* plane6.png in Resources */ = {isa = PBXBuildFile; fileRef = BC99169919FDE339002A29ED /* plane6.png */; };
		BC9916D619FDE339002A29ED /* plane6@2x.png in Resources */ = {isa = PBXBuildFile; fileRef = BC99169A19FDE339002A29ED /* plane6@2x.png */; };
		BC9916D719FDE339002A29ED /* plane7.png in Resources */ = {isa = PBXBuildFile; fileRef = BC99169B19FDE339002A29ED /* plane7.png */; };
		BC9916D819FDE339002A29ED /* plane7@2x.png in Resources */ = {isa = PBXBuildFile; fileRef = BC99169C19FDE339002A29ED /* plane7@2x.png */; };
		BC9916D919FDE339002A29ED /* plane8.png in Resources */ = {isa = PBXBuildFile; fileRef = BC99169D19FDE339002A29ED /* plane8.png */; };
		BC9916DA19FDE339002A29ED /* plane8@2x.png in Resources */ = {isa = PBXBuildFile; fileRef = BC99169E19FDE339002A29ED /* plane8@2x.png */; };
		BC9916DB19FDE339002A29ED /* plane9.png in Resources */ = {isa = PBXBuildFile; fileRef = BC99169F19FDE339002A29ED /* plane9.png */; };
		BC9916DC19FDE339002A29ED /* plane9@2x.png in Resources */ = {isa = PBXBuildFile; fileRef = BC9916A019FDE339002A29ED /* plane9@2x.png */; };
		BC9916DD19FDE339002A29ED /* bottom_wall.png in Resources */ = {isa = PBXBuildFile; fileRef = BC9916A219FDE339002A29ED /* bottom_wall.png */; };
		BC9916DE19FDE339002A29ED /* bottom_wall@2x.png in Resources */ = {isa = PBXBuildFile; fileRef = BC9916A319FDE339002A29ED /* bottom_wall@2x.png */; };
		BC9916DF19FDE339002A29ED /* top_wall.png in Resources */ = {isa = PBXBuildFile; fileRef = BC9916A419FDE339002A29ED /* top_wall.png */; };
		BC9916E019FDE339002A29ED /* top_wall@2x.png in Resources */ = {isa = PBXBuildFile; fileRef = BC9916A519FDE339002A29ED /* top_wall@2x.png */; };
		BC9916E319FDE351002A29ED /* GameEngine.m in Sources */ = {isa = PBXBuildFile; fileRef = BC9916E219FDE351002A29ED /* GameEngine.m */; };
		BC9916E619FDE363002A29ED /* ViewController.m in Sources */ = {isa = PBXBuildFile; fileRef = BC9916E519FDE363002A29ED /* ViewController.m */; };
/* End PBXBuildFile section */

/* Begin PBXContainerItemProxy section */
		BC99165319FDE32A002A29ED /* PBXContainerItemProxy */ = {
			isa = PBXContainerItemProxy;
			containerPortal = BC99162B19FDE32A002A29ED /* Project object */;
			proxyType = 1;
			remoteGlobalIDString = BC99163219FDE32A002A29ED;
			remoteInfo = "FlappyBird-Formal";
		};
/* End PBXContainerItemProxy section */

/* Begin PBXFileReference section */
		BC99163319FDE32A002A29ED /* FlappyBird-Formal.app */ = {isa = PBXFileReference; explicitFileType = wrapper.application; includeInIndex = 0; path = "FlappyBird-Formal.app"; sourceTree = BUILT_PRODUCTS_DIR; };
		BC99163619FDE32A002A29ED /* Foundation.framework */ = {isa = PBXFileReference; lastKnownFileType = wrapper.framework; name = Foundation.framework; path = System/Library/Frameworks/Foundation.framework; sourceTree = SDKROOT; };
		BC99163819FDE32A002A29ED /* CoreGraphics.framework */ = {isa = PBXFileReference; lastKnownFileType = wrapper.framework; name = CoreGraphics.framework; path = System/Library/Frameworks/CoreGraphics.framework; sourceTree = SDKROOT; };
		BC99163A19FDE32A002A29ED /* UIKit.framework */ = {isa = PBXFileReference; lastKnownFileType = wrapper.framework; name = UIKit.framework; path = System/Library/Frameworks/UIKit.framework; sourceTree = SDKROOT; };
		BC99163E19FDE32A002A29ED /* FlappyBird-Formal-Info.plist */ = {isa = PBXFileReference; lastKnownFileType = text.plist.xml; path = "FlappyBird-Formal-Info.plist"; sourceTree = "<group>"; };
		BC99164019FDE32A002A29ED /* en */ = {isa = PBXFileReference; lastKnownFileType = text.plist.strings; name = en; path = en.lproj/InfoPlist.strings; sourceTree = "<group>"; };
		BC99164219FDE32A002A29ED /* main.m */ = {isa = PBXFileReference; lastKnownFileType = sourcecode.c.objc; path = main.m; sourceTree = "<group>"; };
		BC99164419FDE32A002A29ED /* FlappyBird-Formal-Prefix.pch */ = {isa = PBXFileReference; lastKnownFileType = sourcecode.c.h; path = "FlappyBird-Formal-Prefix.pch"; sourceTree = "<group>"; };
		BC99164519FDE32A002A29ED /* AppDelegate.h */ = {isa = PBXFileReference; lastKnownFileType = sourcecode.c.h; path = AppDelegate.h; sourceTree = "<group>"; };
		BC99164619FDE32A002A29ED /* AppDelegate.m */ = {isa = PBXFileReference; lastKnownFileType = sourcecode.c.objc; path = AppDelegate.m; sourceTree = "<group>"; };
		BC99164819FDE32A002A29ED /* Images.xcassets */ = {isa = PBXFileReference; lastKnownFileType = folder.assetcatalog; path = Images.xcassets; sourceTree = "<group>"; };
		BC99164E19FDE32A002A29ED /* FlappyBird-FormalTests.xctest */ = {isa = PBXFileReference; explicitFileType = wrapper.cfbundle; includeInIndex = 0; path = "FlappyBird-FormalTests.xctest"; sourceTree = BUILT_PRODUCTS_DIR; };
		BC99165719FDE32A002A29ED /* FlappyBird-FormalTests-Info.plist */ = {isa = PBXFileReference; lastKnownFileType = text.plist.xml; path = "FlappyBird-FormalTests-Info.plist"; sourceTree = "<group>"; };
		BC99165919FDE32A002A29ED /* en */ = {isa = PBXFileReference; lastKnownFileType = text.plist.strings; name = en; path = en.lproj/InfoPlist.strings; sourceTree = "<group>"; };
		BC99165B19FDE32A002A29ED /* FlappyBird_FormalTests.m */ = {isa = PBXFileReference; lastKnownFileType = sourcecode.c.objc; path = FlappyBird_FormalTests.m; sourceTree = "<group>"; };
		BC99166719FDE339002A29ED /* background.png */ = {isa = PBXFileReference; lastKnownFileType = image.png; path = background.png; sourceTree = "<group>"; };
		BC99166819FDE339002A29ED /* background@2x.png */ = {isa = PBXFileReference; lastKnownFileType = image.png; path = "background@2x.png"; sourceTree = "<group>"; };
		BC99166919FDE339002A29ED /* background_alt.png */ = {isa = PBXFileReference; lastKnownFileType = image.png; path = background_alt.png; sourceTree = "<group>"; };
		BC99166A19FDE339002A29ED /* background_alt@2x.png */ = {isa = PBXFileReference; lastKnownFileType = image.png; path = "background_alt@2x.png"; sourceTree = "<group>"; };
		BC99166B19FDE339002A29ED /* bg@2x.png */ = {isa = PBXFileReference; lastKnownFileType = image.png; path = "bg@2x.png"; sourceTree = "<group>"; };
		BC99166C19FDE339002A29ED /* cloud.png */ = {isa = PBXFileReference; lastKnownFileType = image.png; path = cloud.png; sourceTree = "<group>"; };
		BC99166D19FDE339002A29ED /* cloud@2x.png */ = {isa = PBXFileReference; lastKnownFileType = image.png; path = "cloud@2x.png"; sourceTree = "<group>"; };
		BC99166F19FDE339002A29ED /* Default-568h@2x.png */ = {isa = PBXFileReference; lastKnownFileType = image.png; path = "Default-568h@2x.png"; sourceTree = "<group>"; };
		BC99167019FDE339002A29ED /* Default-Portrait.png */ = {isa = PBXFileReference; lastKnownFileType = image.png; path = "Default-Portrait.png"; sourceTree = "<group>"; };
		BC99167119FDE339002A29ED /* Default-Portrait@2x.png */ = {isa = PBXFileReference; lastKnownFileType = image.png; path = "Default-Portrait@2x.png"; sourceTree = "<group>"; };
		BC99167219FDE339002A29ED /* Default.png */ = {isa = PBXFileReference; lastKnownFileType = image.png; path = Default.png; sourceTree = "<group>"; };
		BC99167319FDE339002A29ED /* Default@2x.png */ = {isa = PBXFileReference; lastKnownFileType = image.png; path = "Default@2x.png"; sourceTree = "<group>"; };
		BC99167419FDE339002A29ED /* flappy_fly.png */ = {isa = PBXFileReference; lastKnownFileType = image.png; path = flappy_fly.png; sourceTree = "<group>"; };
		BC99167519FDE339002A29ED /* flappy_fly@2x.png */ = {isa = PBXFileReference; lastKnownFileType = image.png; path = "flappy_fly@2x.png"; sourceTree = "<group>"; };
		BC99167719FDE339002A29ED /* Icon-60.png */ = {isa = PBXFileReference; lastKnownFileType = image.png; path = "Icon-60.png"; sourceTree = "<group>"; };
		BC99167819FDE339002A29ED /* Icon-60@2x.png */ = {isa = PBXFileReference; lastKnownFileType = image.png; path = "Icon-60@2x.png"; sourceTree = "<group>"; };
		BC99167919FDE339002A29ED /* Icon-72.png */ = {isa = PBXFileReference; lastKnownFileType = image.png; path = "Icon-72.png"; sourceTree = "<group>"; };
		BC99167A19FDE339002A29ED /* Icon-72@2x.png */ = {isa = PBXFileReference; lastKnownFileType = image.png; path = "Icon-72@2x.png"; sourceTree = "<group>"; };
		BC99167B19FDE339002A29ED /* Icon-76.png */ = {isa = PBXFileReference; lastKnownFileType = image.png; path = "Icon-76.png"; sourceTree = "<group>"; };
		BC99167C19FDE339002A29ED /* Icon-76@2x.png */ = {isa = PBXFileReference; lastKnownFileType = image.png; path = "Icon-76@2x.png"; sourceTree = "<group>"; };
		BC99167D19FDE339002A29ED /* Icon-hdpi.png */ = {isa = PBXFileReference; lastKnownFileType = image.png; path = "Icon-hdpi.png"; sourceTree = "<group>"; };
		BC99167E19FDE339002A29ED /* Icon-ldpi.png */ = {isa = PBXFileReference; lastKnownFileType = image.png; path = "Icon-ldpi.png"; sourceTree = "<group>"; };
		BC99167F19FDE339002A29ED /* Icon-mdpi.png */ = {isa = PBXFileReference; lastKnownFileType = image.png; path = "Icon-mdpi.png"; sourceTree = "<group>"; };
		BC99168019FDE339002A29ED /* Icon-Small-40.png */ = {isa = PBXFileReference; lastKnownFileType = image.png; path = "Icon-Small-40.png"; sourceTree = "<group>"; };
		BC99168119FDE339002A29ED /* Icon-Small-40@2x.png */ = {isa = PBXFileReference; lastKnownFileType = image.png; path = "Icon-Small-40@2x.png"; sourceTree = "<group>"; };
		BC99168219FDE339002A29ED /* Icon-Small-50.png */ = {isa = PBXFileReference; lastKnownFileType = image.png; path = "Icon-Small-50.png"; sourceTree = "<group>"; };
		BC99168319FDE339002A29ED /* Icon-Small-50@2x.png */ = {isa = PBXFileReference; lastKnownFileType = image.png; path = "Icon-Small-50@2x.png"; sourceTree = "<group>"; };
		BC99168419FDE339002A29ED /* Icon-Small.png */ = {isa = PBXFileReference; lastKnownFileType = image.png; path = "Icon-Small.png"; sourceTree = "<group>"; };
		BC99168519FDE339002A29ED /* Icon-Small@2x.png */ = {isa = PBXFileReference; lastKnownFileType = image.png; path = "Icon-Small@2x.png"; sourceTree = "<group>"; };
		BC99168619FDE339002A29ED /* Icon-xhdpi.png */ = {isa = PBXFileReference; lastKnownFileType = image.png; path = "Icon-xhdpi.png"; sourceTree = "<group>"; };
		BC99168719FDE339002A29ED /* Icon-xxhdpi.png */ = {isa = PBXFileReference; lastKnownFileType = image.png; path = "Icon-xxhdpi.png"; sourceTree = "<group>"; };
		BC99168819FDE339002A29ED /* Icon.png */ = {isa = PBXFileReference; lastKnownFileType = image.png; path = Icon.png; sourceTree = "<group>"; };
		BC99168919FDE339002A29ED /* Icon@2x.png */ = {isa = PBXFileReference; lastKnownFileType = image.png; path = "Icon@2x.png"; sourceTree = "<group>"; };
		BC99168B19FDE339002A29ED /* plane1.png */ = {isa = PBXFileReference; lastKnownFileType = image.png; path = plane1.png; sourceTree = "<group>"; };
		BC99168C19FDE339002A29ED /* plane10.png */ = {isa = PBXFileReference; lastKnownFileType = image.png; path = plane10.png; sourceTree = "<group>"; };
		BC99168D19FDE339002A29ED /* plane10@2x.png */ = {isa = PBXFileReference; lastKnownFileType = image.png; path = "plane10@2x.png"; sourceTree = "<group>"; };
		BC99168E19FDE339002A29ED /* plane11.png */ = {isa = PBXFileReference; lastKnownFileType = image.png; path = plane11.png; sourceTree = "<group>"; };
		BC99168F19FDE339002A29ED /* plane11@2x.png */ = {isa = PBXFileReference; lastKnownFileType = image.png; path = "plane11@2x.png"; sourceTree = "<group>"; };
		BC99169019FDE339002A29ED /* plane1@2x.png */ = {isa = PBXFileReference; lastKnownFileType = image.png; path = "plane1@2x.png"; sourceTree = "<group>"; };
		BC99169119FDE339002A29ED /* plane2.png */ = {isa = PBXFileReference; lastKnownFileType = image.png; path = plane2.png; sourceTree = "<group>"; };
		BC99169219FDE339002A29ED /* plane2@2x.png */ = {isa = PBXFileReference; lastKnownFileType = image.png; path = "plane2@2x.png"; sourceTree = "<group>"; };
		BC99169319FDE339002A29ED /* plane3.png */ = {isa = PBXFileReference; lastKnownFileType = image.png; path = plane3.png; sourceTree = "<group>"; };
		BC99169419FDE339002A29ED /* plane3@2x.png */ = {isa = PBXFileReference; lastKnownFileType = image.png; path = "plane3@2x.png"; sourceTree = "<group>"; };
		BC99169519FDE339002A29ED /* plane4.png */ = {isa = PBXFileReference; lastKnownFileType = image.png; path = plane4.png; sourceTree = "<group>"; };
		BC99169619FDE339002A29ED /* plane4@2x.png */ = {isa = PBXFileReference; lastKnownFileType = image.png; path = "plane4@2x.png"; sourceTree = "<group>"; };
		BC99169719FDE339002A29ED /* plane5.png */ = {isa = PBXFileReference; lastKnownFileType = image.png; path = plane5.png; sourceTree = "<group>"; };
		BC99169819FDE339002A29ED /* plane5@2x.png */ = {isa = PBXFileReference; lastKnownFileType = image.png; path = "plane5@2x.png"; sourceTree = "<group>"; };
		BC99169919FDE339002A29ED /* plane6.png */ = {isa = PBXFileReference; lastKnownFileType = image.png; path = plane6.png; sourceTree = "<group>"; };
		BC99169A19FDE339002A29ED /* plane6@2x.png */ = {isa = PBXFileReference; lastKnownFileType = image.png; path = "plane6@2x.png"; sourceTree = "<group>"; };
		BC99169B19FDE339002A29ED /* plane7.png */ = {isa = PBXFileReference; lastKnownFileType = image.png; path = plane7.png; sourceTree = "<group>"; };
		BC99169C19FDE339002A29ED /* plane7@2x.png */ = {isa = PBXFileReference; lastKnownFileType = image.png; path = "plane7@2x.png"; sourceTree = "<group>"; };
		BC99169D19FDE339002A29ED /* plane8.png */ = {isa = PBXFileReference; lastKnownFileType = image.png; path = plane8.png; sourceTree = "<group>"; };
		BC99169E19FDE339002A29ED /* plane8@2x.png */ = {isa = PBXFileReference; lastKnownFileType = image.png; path = "plane8@2x.png"; sourceTree = "<group>"; };
		BC99169F19FDE339002A29ED /* plane9.png */ = {isa = PBXFileReference; lastKnownFileType = image.png; path = plane9.png; sourceTree = "<group>"; };
		BC9916A019FDE339002A29ED /* plane9@2x.png */ = {isa = PBXFileReference; lastKnownFileType = image.png; path = "plane9@2x.png"; sourceTree = "<group>"; };
		BC9916A219FDE339002A29ED /* bottom_wall.png */ = {isa = PBXFileReference; lastKnownFileType = image.png; path = bottom_wall.png; sourceTree = "<group>"; };
		BC9916A319FDE339002A29ED /* bottom_wall@2x.png */ = {isa = PBXFileReference; lastKnownFileType = image.png; path = "bottom_wall@2x.png"; sourceTree = "<group>"; };
		BC9916A419FDE339002A29ED /* top_wall.png */ = {isa = PBXFileReference; lastKnownFileType = image.png; path = top_wall.png; sourceTree = "<group>"; };
		BC9916A519FDE339002A29ED /* top_wall@2x.png */ = {isa = PBXFileReference; lastKnownFileType = image.png; path = "top_wall@2x.png"; sourceTree = "<group>"; };
		BC9916E119FDE351002A29ED /* GameEngine.h */ = {isa = PBXFileReference; fileEncoding = 4; lastKnownFileType = sourcecode.c.h; path = GameEngine.h; sourceTree = "<group>"; };
		BC9916E219FDE351002A29ED /* GameEngine.m */ = {isa = PBXFileReference; fileEncoding = 4; lastKnownFileType = sourcecode.c.objc; path = GameEngine.m; sourceTree = "<group>"; };
		BC9916E419FDE363002A29ED /* ViewController.h */ = {isa = PBXFileReference; fileEncoding = 4; lastKnownFileType = sourcecode.c.h; path = ViewController.h; sourceTree = "<group>"; };
		BC9916E519FDE363002A29ED /* ViewController.m */ = {isa = PBXFileReference; fileEncoding = 4; lastKnownFileType = sourcecode.c.objc; path = ViewController.m; sourceTree = "<group>"; };
/* End PBXFileReference section */

/* Begin PBXFrameworksBuildPhase section */
		BC99163019FDE32A002A29ED /* Frameworks */ = {
			isa = PBXFrameworksBuildPhase;
			buildActionMask = 2147483647;
			files = (
				BC99163919FDE32A002A29ED /* CoreGraphics.framework in Frameworks */,
				BC99163B19FDE32A002A29ED /* UIKit.framework in Frameworks */,
				BC99163719FDE32A002A29ED /* Foundation.framework in Frameworks */,
			);
			runOnlyForDeploymentPostprocessing = 0;
		};
		BC99164B19FDE32A002A29ED /* Frameworks */ = {
			isa = PBXFrameworksBuildPhase;
			buildActionMask = 2147483647;
			files = (
				BC99165219FDE32A002A29ED /* UIKit.framework in Frameworks */,
				BC99165119FDE32A002A29ED /* Foundation.framework in Frameworks */,
			);
			runOnlyForDeploymentPostprocessing = 0;
		};
/* End PBXFrameworksBuildPhase section */

/* Begin PBXGroup section */
		BC99162A19FDE32A002A29ED = {
			isa = PBXGroup;
			children = (
				BC99163C19FDE32A002A29ED /* FlappyBird-Formal */,
				BC99165519FDE32A002A29ED /* FlappyBird-FormalTests */,
				BC99163519FDE32A002A29ED /* Frameworks */,
				BC99163419FDE32A002A29ED /* Products */,
			);
			sourceTree = "<group>";
		};
		BC99163419FDE32A002A29ED /* Products */ = {
			isa = PBXGroup;
			children = (
				BC99163319FDE32A002A29ED /* FlappyBird-Formal.app */,
				BC99164E19FDE32A002A29ED /* FlappyBird-FormalTests.xctest */,
			);
			name = Products;
			sourceTree = "<group>";
		};
		BC99163519FDE32A002A29ED /* Frameworks */ = {
			isa = PBXGroup;
			children = (
				BC99163619FDE32A002A29ED /* Foundation.framework */,
				BC99163819FDE32A002A29ED /* CoreGraphics.framework */,
				BC99163A19FDE32A002A29ED /* UIKit.framework */,
			);
			name = Frameworks;
			sourceTree = "<group>";
		};
		BC99163C19FDE32A002A29ED /* FlappyBird-Formal */ = {
			isa = PBXGroup;
			children = (
				BC9916E119FDE351002A29ED /* GameEngine.h */,
				BC9916E219FDE351002A29ED /* GameEngine.m */,
				BC99164519FDE32A002A29ED /* AppDelegate.h */,
				BC99164619FDE32A002A29ED /* AppDelegate.m */,
				BC9916E419FDE363002A29ED /* ViewController.h */,
				BC9916E519FDE363002A29ED /* ViewController.m */,
				BC99164819FDE32A002A29ED /* Images.xcassets */,
				BC99163D19FDE32A002A29ED /* Supporting Files */,
			);
			path = "FlappyBird-Formal";
			sourceTree = "<group>";
		};
		BC99163D19FDE32A002A29ED /* Supporting Files */ = {
			isa = PBXGroup;
			children = (
				BC99166519FDE339002A29ED /* flyBird */,
				BC99163E19FDE32A002A29ED /* FlappyBird-Formal-Info.plist */,
				BC99163F19FDE32A002A29ED /* InfoPlist.strings */,
				BC99164219FDE32A002A29ED /* main.m */,
				BC99164419FDE32A002A29ED /* FlappyBird-Formal-Prefix.pch */,
			);
			name = "Supporting Files";
			sourceTree = "<group>";
		};
		BC99165519FDE32A002A29ED /* FlappyBird-FormalTests */ = {
			isa = PBXGroup;
			children = (
				BC99165B19FDE32A002A29ED /* FlappyBird_FormalTests.m */,
				BC99165619FDE32A002A29ED /* Supporting Files */,
			);
			path = "FlappyBird-FormalTests";
			sourceTree = "<group>";
		};
		BC99165619FDE32A002A29ED /* Supporting Files */ = {
			isa = PBXGroup;
			children = (
				BC99165719FDE32A002A29ED /* FlappyBird-FormalTests-Info.plist */,
				BC99165819FDE32A002A29ED /* InfoPlist.strings */,
			);
			name = "Supporting Files";
			sourceTree = "<group>";
		};
		BC99166519FDE339002A29ED /* flyBird */ = {
			isa = PBXGroup;
			children = (
				BC99166619FDE339002A29ED /* back */,
				BC99166E19FDE339002A29ED /* default */,
				BC99167419FDE339002A29ED /* flappy_fly.png */,
				BC99167519FDE339002A29ED /* flappy_fly@2x.png */,
				BC99167619FDE339002A29ED /* icon */,
				BC99168A19FDE339002A29ED /* plane */,
				BC9916A119FDE339002A29ED /* wall */,
			);
			path = flyBird;
			sourceTree = "<group>";
		};
		BC99166619FDE339002A29ED /* back */ = {
			isa = PBXGroup;
			children = (
				BC99166719FDE339002A29ED /* background.png */,
				BC99166819FDE339002A29ED /* background@2x.png */,
				BC99166919FDE339002A29ED /* background_alt.png */,
				BC99166A19FDE339002A29ED /* background_alt@2x.png */,
				BC99166B19FDE339002A29ED /* bg@2x.png */,
				BC99166C19FDE339002A29ED /* cloud.png */,
				BC99166D19FDE339002A29ED /* cloud@2x.png */,
			);
			path = back;
			sourceTree = "<group>";
		};
		BC99166E19FDE339002A29ED /* default */ = {
			isa = PBXGroup;
			children = (
				BC99166F19FDE339002A29ED /* Default-568h@2x.png */,
				BC99167019FDE339002A29ED /* Default-Portrait.png */,
				BC99167119FDE339002A29ED /* Default-Portrait@2x.png */,
				BC99167219FDE339002A29ED /* Default.png */,
				BC99167319FDE339002A29ED /* Default@2x.png */,
			);
			path = default;
			sourceTree = "<group>";
		};
		BC99167619FDE339002A29ED /* icon */ = {
			isa = PBXGroup;
			children = (
				BC99167719FDE339002A29ED /* Icon-60.png */,
				BC99167819FDE339002A29ED /* Icon-60@2x.png */,
				BC99167919FDE339002A29ED /* Icon-72.png */,
				BC99167A19FDE339002A29ED /* Icon-72@2x.png */,
				BC99167B19FDE339002A29ED /* Icon-76.png */,
				BC99167C19FDE339002A29ED /* Icon-76@2x.png */,
				BC99167D19FDE339002A29ED /* Icon-hdpi.png */,
				BC99167E19FDE339002A29ED /* Icon-ldpi.png */,
				BC99167F19FDE339002A29ED /* Icon-mdpi.png */,
				BC99168019FDE339002A29ED /* Icon-Small-40.png */,
				BC99168119FDE339002A29ED /* Icon-Small-40@2x.png */,
				BC99168219FDE339002A29ED /* Icon-Small-50.png */,
				BC99168319FDE339002A29ED /* Icon-Small-50@2x.png */,
				BC99168419FDE339002A29ED /* Icon-Small.png */,
				BC99168519FDE339002A29ED /* Icon-Small@2x.png */,
				BC99168619FDE339002A29ED /* Icon-xhdpi.png */,
				BC99168719FDE339002A29ED /* Icon-xxhdpi.png */,
				BC99168819FDE339002A29ED /* Icon.png */,
				BC99168919FDE339002A29ED /* Icon@2x.png */,
			);
			path = icon;
			sourceTree = "<group>";
		};
		BC99168A19FDE339002A29ED /* plane */ = {
			isa = PBXGroup;
			children = (
				BC99168B19FDE339002A29ED /* plane1.png */,
				BC99168C19FDE339002A29ED /* plane10.png */,
				BC99168D19FDE339002A29ED /* plane10@2x.png */,
				BC99168E19FDE339002A29ED /* plane11.png */,
				BC99168F19FDE339002A29ED /* plane11@2x.png */,
				BC99169019FDE339002A29ED /* plane1@2x.png */,
				BC99169119FDE339002A29ED /* plane2.png */,
				BC99169219FDE339002A29ED /* plane2@2x.png */,
				BC99169319FDE339002A29ED /* plane3.png */,
				BC99169419FDE339002A29ED /* plane3@2x.png */,
				BC99169519FDE339002A29ED /* plane4.png */,
				BC99169619FDE339002A29ED /* plane4@2x.png */,
				BC99169719FDE339002A29ED /* plane5.png */,
				BC99169819FDE339002A29ED /* plane5@2x.png */,
				BC99169919FDE339002A29ED /* plane6.png */,
				BC99169A19FDE339002A29ED /* plane6@2x.png */,
				BC99169B19FDE339002A29ED /* plane7.png */,
				BC99169C19FDE339002A29ED /* plane7@2x.png */,
				BC99169D19FDE339002A29ED /* plane8.png */,
				BC99169E19FDE339002A29ED /* plane8@2x.png */,
				BC99169F19FDE339002A29ED /* plane9.png */,
				BC9916A019FDE339002A29ED /* plane9@2x.png */,
			);
			path = plane;
			sourceTree = "<group>";
		};
		BC9916A119FDE339002A29ED /* wall */ = {
			isa = PBXGroup;
			children = (
				BC9916A219FDE339002A29ED /* bottom_wall.png */,
				BC9916A319FDE339002A29ED /* bottom_wall@2x.png */,
				BC9916A419FDE339002A29ED /* top_wall.png */,
				BC9916A519FDE339002A29ED /* top_wall@2x.png */,
			);
			path = wall;
			sourceTree = "<group>";
		};
/* End PBXGroup section */

/* Begin PBXNativeTarget section */
		BC99163219FDE32A002A29ED /* FlappyBird-Formal */ = {
			isa = PBXNativeTarget;
			buildConfigurationList = BC99165F19FDE32A002A29ED /* Build configuration list for PBXNativeTarget "FlappyBird-Formal" */;
			buildPhases = (
				BC99162F19FDE32A002A29ED /* Sources */,
				BC99163019FDE32A002A29ED /* Frameworks */,
				BC99163119FDE32A002A29ED /* Resources */,
			);
			buildRules = (
			);
			dependencies = (
			);
			name = "FlappyBird-Formal";
			productName = "FlappyBird-Formal";
			productReference = BC99163319FDE32A002A29ED /* FlappyBird-Formal.app */;
			productType = "com.apple.product-type.application";
		};
		BC99164D19FDE32A002A29ED /* FlappyBird-FormalTests */ = {
			isa = PBXNativeTarget;
			buildConfigurationList = BC99166219FDE32A002A29ED /* Build configuration list for PBXNativeTarget "FlappyBird-FormalTests" */;
			buildPhases = (
				BC99164A19FDE32A002A29ED /* Sources */,
				BC99164B19FDE32A002A29ED /* Frameworks */,
				BC99164C19FDE32A002A29ED /* Resources */,
			);
			buildRules = (
			);
			dependencies = (
				BC99165419FDE32A002A29ED /* PBXTargetDependency */,
			);
			name = "FlappyBird-FormalTests";
			productName = "FlappyBird-FormalTests";
			productReference = BC99164E19FDE32A002A29ED /* FlappyBird-FormalTests.xctest */;
			productType = "com.apple.product-type.bundle.unit-test";
		};
/* End PBXNativeTarget section */

/* Begin PBXProject section */
		BC99162B19FDE32A002A29ED /* Project object */ = {
			isa = PBXProject;
			attributes = {
				LastUpgradeCheck = 0510;
				ORGANIZATIONNAME = jyw;
				TargetAttributes = {
					BC99164D19FDE32A002A29ED = {
						TestTargetID = BC99163219FDE32A002A29ED;
					};
				};
			};
			buildConfigurationList = BC99162E19FDE32A002A29ED /* Build configuration list for PBXProject "FlappyBird-Formal" */;
			compatibilityVersion = "Xcode 3.2";
			developmentRegion = English;
			hasScannedForEncodings = 0;
			knownRegions = (
				en,
			);
			mainGroup = BC99162A19FDE32A002A29ED;
			productRefGroup = BC99163419FDE32A002A29ED /* Products */;
			projectDirPath = "";
			projectRoot = "";
			targets = (
				BC99163219FDE32A002A29ED /* FlappyBird-Formal */,
				BC99164D19FDE32A002A29ED /* FlappyBird-FormalTests */,
			);
		};
/* End PBXProject section */

/* Begin PBXResourcesBuildPhase section */
		BC99163119FDE32A002A29ED /* Resources */ = {
			isa = PBXResourcesBuildPhase;
			buildActionMask = 2147483647;
			files = (
				BC9916C519FDE339002A29ED /* Icon.png in Resources */,
				BC9916A919FDE339002A29ED /* background_alt@2x.png in Resources */,
				BC9916BF19FDE339002A29ED /* Icon-Small-50.png in Resources */,
				BC99164119FDE32A002A29ED /* InfoPlist.strings in Resources */,
				BC9916C219FDE339002A29ED /* Icon-Small@2x.png in Resources */,
				BC9916B719FDE339002A29ED /* Icon-72@2x.png in Resources */,
				BC9916DB19FDE339002A29ED /* plane9.png in Resources */,
				BC9916DE19FDE339002A29ED /* bottom_wall@2x.png in Resources */,
				BC9916C819FDE339002A29ED /* plane10.png in Resources */,
				BC9916B219FDE339002A29ED /* flappy_fly.png in Resources */,
				BC9916CF19FDE339002A29ED /* plane3.png in Resources */,
				BC9916D919FDE339002A29ED /* plane8.png in Resources */,
				BC9916AC19FDE339002A29ED /* cloud@2x.png in Resources */,
				BC9916E019FDE339002A29ED /* top_wall@2x.png in Resources */,
				BC9916B319FDE339002A29ED /* flappy_fly@2x.png in Resources */,
				BC9916C619FDE339002A29ED /* Icon@2x.png in Resources */,
				BC9916D719FDE339002A29ED /* plane7.png in Resources */,
				BC9916C719FDE339002A29ED /* plane1.png in Resources */,
				BC9916B519FDE339002A29ED /* Icon-60@2x.png in Resources */,
				BC9916D619FDE339002A29ED /* plane6@2x.png in Resources */,
				BC9916D419FDE339002A29ED /* plane5@2x.png in Resources */,
				BC9916C119FDE339002A29ED /* Icon-Small.png in Resources */,
				BC9916DF19FDE339002A29ED /* top_wall.png in Resources */,
				BC9916CC19FDE339002A29ED /* plane1@2x.png in Resources */,
				BC9916AF19FDE339002A29ED /* Default-Portrait@2x.png in Resources */,
				BC9916C019FDE339002A29ED /* Icon-Small-50@2x.png in Resources */,
				BC9916D319FDE339002A29ED /* plane5.png in Resources */,
				BC9916DD19FDE339002A29ED /* bottom_wall.png in Resources */,
				BC9916DC19FDE339002A29ED /* plane9@2x.png in Resources */,
				BC9916C419FDE339002A29ED /* Icon-xxhdpi.png in Resources */,
				BC9916DA19FDE339002A29ED /* plane8@2x.png in Resources */,
				BC9916D519FDE339002A29ED /* plane6.png in Resources */,
				BC9916AD19FDE339002A29ED /* Default-568h@2x.png in Resources */,
				BC9916A619FDE339002A29ED /* background.png in Resources */,
				BC9916D019FDE339002A29ED /* plane3@2x.png in Resources */,
				BC9916AB19FDE339002A29ED /* cloud.png in Resources */,
				BC9916C919FDE339002A29ED /* plane10@2x.png in Resources */,
				BC9916B019FDE339002A29ED /* Default.png in Resources */,
				BC9916BD19FDE339002A29ED /* Icon-Small-40.png in Resources */,
				BC9916CA19FDE339002A29ED /* plane11.png in Resources */,
				BC9916AA19FDE339002A29ED /* bg@2x.png in Resources */,
				BC9916BA19FDE339002A29ED /* Icon-hdpi.png in Resources */,
				BC9916D219FDE339002A29ED /* plane4@2x.png in Resources */,
				BC9916CD19FDE339002A29ED /* plane2.png in Resources */,
				BC9916D819FDE339002A29ED /* plane7@2x.png in Resources */,
				BC9916BC19FDE339002A29ED /* Icon-mdpi.png in Resources */,
				BC9916D119FDE339002A29ED /* plane4.png in Resources */,
				BC9916C319FDE339002A29ED /* Icon-xhdpi.png in Resources */,
				BC9916B619FDE339002A29ED /* Icon-72.png in Resources */,
				BC9916CB19FDE339002A29ED /* plane11@2x.png in Resources */,
				BC9916A719FDE339002A29ED /* background@2x.png in Resources */,
				BC99164919FDE32A002A29ED /* Images.xcassets in Resources */,
				BC9916B919FDE339002A29ED /* Icon-76@2x.png in Resources */,
				BC9916AE19FDE339002A29ED /* Default-Portrait.png in Resources */,
				BC9916B819FDE339002A29ED /* Icon-76.png in Resources */,
				BC9916BE19FDE339002A29ED /* Icon-Small-40@2x.png in Resources */,
				BC9916B119FDE339002A29ED /* Default@2x.png in Resources */,
				BC9916A819FDE339002A29ED /* background_alt.png in Resources */,
				BC9916CE19FDE339002A29ED /* plane2@2x.png in Resources */,
				BC9916B419FDE339002A29ED /* Icon-60.png in Resources */,
				BC9916BB19FDE339002A29ED /* Icon-ldpi.png in Resources */,
			);
			runOnlyForDeploymentPostprocessing = 0;
		};
		BC99164C19FDE32A002A29ED /* Resources */ = {
			isa = PBXResourcesBuildPhase;
			buildActionMask = 2147483647;
			files = (
				BC99165A19FDE32A002A29ED /* InfoPlist.strings in Resources */,
			);
			runOnlyForDeploymentPostprocessing = 0;
		};
/* End PBXResourcesBuildPhase section */

/* Begin PBXSourcesBuildPhase section */
		BC99162F19FDE32A002A29ED /* Sources */ = {
			isa = PBXSourcesBuildPhase;
			buildActionMask = 2147483647;
			files = (
				BC99164719FDE32A002A29ED /* AppDelegate.m in Sources */,
				BC99164319FDE32A002A29ED /* main.m in Sources */,
				BC9916E619FDE363002A29ED /* ViewController.m in Sources */,
				BC9916E319FDE351002A29ED /* GameEngine.m in Sources */,
			);
			runOnlyForDeploymentPostprocessing = 0;
		};
		BC99164A19FDE32A002A29ED /* Sources */ = {
			isa = PBXSourcesBuildPhase;
			buildActionMask = 2147483647;
			files = (
				BC99165C19FDE32A002A29ED /* FlappyBird_FormalTests.m in Sources */,
			);
			runOnlyForDeploymentPostprocessing = 0;
		};
/* End PBXSourcesBuildPhase section */

/* Begin PBXTargetDependency section */
		BC99165419FDE32A002A29ED /* PBXTargetDependency */ = {
			isa = PBXTargetDependency;
			target = BC99163219FDE32A002A29ED /* FlappyBird-Formal */;
			targetProxy = BC99165319FDE32A002A29ED /* PBXContainerItemProxy */;
		};
/* End PBXTargetDependency section */

/* Begin PBXVariantGroup section */
		BC99163F19FDE32A002A29ED /* InfoPlist.strings */ = {
			isa = PBXVariantGroup;
			children = (
				BC99164019FDE32A002A29ED /* en */,
			);
			name = InfoPlist.strings;
			sourceTree = "<group>";
		};
		BC99165819FDE32A002A29ED /* InfoPlist.strings */ = {
			isa = PBXVariantGroup;
			children = (
				BC99165919FDE32A002A29ED /* en */,
			);
			name = InfoPlist.strings;
			sourceTree = "<group>";
		};
/* End PBXVariantGroup section */

/* Begin XCBuildConfiguration section */
		BC99165D19FDE32A002A29ED /* Debug */ = {
			isa = XCBuildConfiguration;
			buildSettings = {
				ALWAYS_SEARCH_USER_PATHS = NO;
				CLANG_CXX_LANGUAGE_STANDARD = "gnu++0x";
				CLANG_CXX_LIBRARY = "libc++";
				CLANG_ENABLE_MODULES = YES;
				CLANG_ENABLE_OBJC_ARC = YES;
				CLANG_WARN_BOOL_CONVERSION = YES;
				CLANG_WARN_CONSTANT_CONVERSION = YES;
				CLANG_WARN_DIRECT_OBJC_ISA_USAGE = YES_ERROR;
				CLANG_WARN_EMPTY_BODY = YES;
				CLANG_WARN_ENUM_CONVERSION = YES;
				CLANG_WARN_INT_CONVERSION = YES;
				CLANG_WARN_OBJC_ROOT_CLASS = YES_ERROR;
				CLANG_WARN__DUPLICATE_METHOD_MATCH = YES;
				"CODE_SIGN_IDENTITY[sdk=iphoneos*]" = "iPhone Developer";
				COPY_PHASE_STRIP = NO;
				GCC_C_LANGUAGE_STANDARD = gnu99;
				GCC_DYNAMIC_NO_PIC = NO;
				GCC_OPTIMIZATION_LEVEL = 0;
				GCC_PREPROCESSOR_DEFINITIONS = (
					"DEBUG=1",
					"$(inherited)",
				);
				GCC_SYMBOLS_PRIVATE_EXTERN = NO;
				GCC_WARN_64_TO_32_BIT_CONVERSION = YES;
				GCC_WARN_ABOUT_RETURN_TYPE = YES_ERROR;
				GCC_WARN_UNDECLARED_SELECTOR = YES;
				GCC_WARN_UNINITIALIZED_AUTOS = YES_AGGRESSIVE;
				GCC_WARN_UNUSED_FUNCTION = YES;
				GCC_WARN_UNUSED_VARIABLE = YES;
				IPHONEOS_DEPLOYMENT_TARGET = 7.1;
				ONLY_ACTIVE_ARCH = YES;
				SDKROOT = iphoneos;
			};
			name = Debug;
		};
		BC99165E19FDE32A002A29ED /* Release */ = {
			isa = XCBuildConfiguration;
			buildSettings = {
				ALWAYS_SEARCH_USER_PATHS = NO;
				CLANG_CXX_LANGUAGE_STANDARD = "gnu++0x";
				CLANG_CXX_LIBRARY = "libc++";
				CLANG_ENABLE_MODULES = YES;
				CLANG_ENABLE_OBJC_ARC = YES;
				CLANG_WARN_BOOL_CONVERSION = YES;
				CLANG_WARN_CONSTANT_CONVERSION = YES;
				CLANG_WARN_DIRECT_OBJC_ISA_USAGE = YES_ERROR;
				CLANG_WARN_EMPTY_BODY = YES;
				CLANG_WARN_ENUM_CONVERSION = YES;
				CLANG_WARN_INT_CONVERSION = YES;
				CLANG_WARN_OBJC_ROOT_CLASS = YES_ERROR;
				CLANG_WARN__DUPLICATE_METHOD_MATCH = YES;
				"CODE_SIGN_IDENTITY[sdk=iphoneos*]" = "iPhone Developer";
				COPY_PHASE_STRIP = YES;
				ENABLE_NS_ASSERTIONS = NO;
				GCC_C_LANGUAGE_STANDARD = gnu99;
				GCC_WARN_64_TO_32_BIT_CONVERSION = YES;
				GCC_WARN_ABOUT_RETURN_TYPE = YES_ERROR;
				GCC_WARN_UNDECLARED_SELECTOR = YES;
				GCC_WARN_UNINITIALIZED_AUTOS = YES_AGGRESSIVE;
				GCC_WARN_UNUSED_FUNCTION = YES;
				GCC_WARN_UNUSED_VARIABLE = YES;
				IPHONEOS_DEPLOYMENT_TARGET = 7.1;
				SDKROOT = iphoneos;
				VALIDATE_PRODUCT = YES;
			};
			name = Release;
		};
		BC99166019FDE32A002A29ED /* Debug */ = {
			isa = XCBuildConfiguration;
			buildSettings = {
				ASSETCATALOG_COMPILER_APPICON_NAME = AppIcon;
				ASSETCATALOG_COMPILER_LAUNCHIMAGE_NAME = LaunchImage;
				GCC_PRECOMPILE_PREFIX_HEADER = YES;
				GCC_PREFIX_HEADER = "FlappyBird-Formal/FlappyBird-Formal-Prefix.pch";
				INFOPLIST_FILE = "FlappyBird-Formal/FlappyBird-Formal-Info.plist";
				PRODUCT_NAME = "$(TARGET_NAME)";
				WRAPPER_EXTENSION = app;
			};
			name = Debug;
		};
		BC99166119FDE32A002A29ED /* Release */ = {
			isa = XCBuildConfiguration;
			buildSettings = {
				ASSETCATALOG_COMPILER_APPICON_NAME = AppIcon;
				ASSETCATALOG_COMPILER_LAUNCHIMAGE_NAME = LaunchImage;
				GCC_PRECOMPILE_PREFIX_HEADER = YES;
				GCC_PREFIX_HEADER = "FlappyBird-Formal/FlappyBird-Formal-Prefix.pch";
				INFOPLIST_FILE = "FlappyBird-Formal/FlappyBird-Formal-Info.plist";
				PRODUCT_NAME = "$(TARGET_NAME)";
				WRAPPER_EXTENSION = app;
			};
			name = Release;
		};
		BC99166319FDE32A002A29ED /* Debug */ = {
			isa = XCBuildConfiguration;
			buildSettings = {
				BUNDLE_LOADER = "$(BUILT_PRODUCTS_DIR)/FlappyBird-Formal.app/FlappyBird-Formal";
				FRAMEWORK_SEARCH_PATHS = (
					"$(SDKROOT)/Developer/Library/Frameworks",
					"$(inherited)",
					"$(DEVELOPER_FRAMEWORKS_DIR)",
				);
				GCC_PRECOMPILE_PREFIX_HEADER = YES;
				GCC_PREFIX_HEADER = "FlappyBird-Formal/FlappyBird-Formal-Prefix.pch";
				GCC_PREPROCESSOR_DEFINITIONS = (
					"DEBUG=1",
					"$(inherited)",
				);
				INFOPLIST_FILE = "FlappyBird-FormalTests/FlappyBird-FormalTests-Info.plist";
				PRODUCT_NAME = "$(TARGET_NAME)";
				TEST_HOST = "$(BUNDLE_LOADER)";
				WRAPPER_EXTENSION = xctest;
			};
			name = Debug;
		};
		BC99166419FDE32A002A29ED /* Release */ = {
			isa = XCBuildConfiguration;
			buildSettings = {
				BUNDLE_LOADER = "$(BUILT_PRODUCTS_DIR)/FlappyBird-Formal.app/FlappyBird-Formal";
				FRAMEWORK_SEARCH_PATHS = (
					"$(SDKROOT)/Developer/Library/Frameworks",
					"$(inherited)",
					"$(DEVELOPER_FRAMEWORKS_DIR)",
				);
				GCC_PRECOMPILE_PREFIX_HEADER = YES;
				GCC_PREFIX_HEADER = "FlappyBird-Formal/FlappyBird-Formal-Prefix.pch";
				INFOPLIST_FILE = "FlappyBird-FormalTests/FlappyBird-FormalTests-Info.plist";
				PRODUCT_NAME = "$(TARGET_NAME)";
				TEST_HOST = "$(BUNDLE_LOADER)";
				WRAPPER_EXTENSION = xctest;
			};
			name = Release;
		};
/* End XCBuildConfiguration section */

/* Begin XCConfigurationList section */
		BC99162E19FDE32A002A29ED /* Build configuration list for PBXProject "FlappyBird-Formal" */ = {
			isa = XCConfigurationList;
			buildConfigurations = (
				BC99165D19FDE32A002A29ED /* Debug */,
				BC99165E19FDE32A002A29ED /* Release */,
			);
			defaultConfigurationIsVisible = 0;
			defaultConfigurationName = Release;
		};
		BC99165F19FDE32A002A29ED /* Build configuration list for PBXNativeTarget "FlappyBird-Formal" */ = {
			isa = XCConfigurationList;
			buildConfigurations = (
				BC99166019FDE32A002A29ED /* Debug */,
				BC99166119FDE32A002A29ED /* Release */,
			);
			defaultConfigurationIsVisible = 0;
			defaultConfigurationName = Release;
		};
		BC99166219FDE32A002A29ED /* Build configuration list for PBXNativeTarget "FlappyBird-FormalTests" */ = {
			isa = XCConfigurationList;
			buildConfigurations = (
				BC99166319FDE32A002A29ED /* Debug */,
				BC99166419FDE32A002A29ED /* Release */,
			);
			defaultConfigurationIsVisible = 0;
			defaultConfigurationName = Release;
		};
/* End XCConfigurationList section */
	};
	rootObject = BC99162B19FDE32A002A29ED /* Project object */;
}
